// !$*UTF8*$!
{
	archiveVersion = 1;
	classes = {
	};
	objectVersion = 50;
	objects = {

/* Begin PBXBuildFile section */
		9E11328124350C6700B6D24B /* AppDelegate.swift in Sources */ = {isa = PBXBuildFile; fileRef = 9E11328024350C6700B6D24B /* AppDelegate.swift */; };
		9E11328324350C6700B6D24B /* SceneDelegate.swift in Sources */ = {isa = PBXBuildFile; fileRef = 9E11328224350C6700B6D24B /* SceneDelegate.swift */; };
		9E11328524350C6700B6D24B /* ViewController.swift in Sources */ = {isa = PBXBuildFile; fileRef = 9E11328424350C6700B6D24B /* ViewController.swift */; };
		9E11328824350C6700B6D24B /* Main.storyboard in Resources */ = {isa = PBXBuildFile; fileRef = 9E11328624350C6700B6D24B /* Main.storyboard */; };
		9E11328A24350C6D00B6D24B /* Assets.xcassets in Resources */ = {isa = PBXBuildFile; fileRef = 9E11328924350C6D00B6D24B /* Assets.xcassets */; };
		9E11328D24350C6D00B6D24B /* LaunchScreen.storyboard in Resources */ = {isa = PBXBuildFile; fileRef = 9E11328B24350C6D00B6D24B /* LaunchScreen.storyboard */; };
		9E11329824350C6D00B6D24B /* NoahStifflerGPSTests.swift in Sources */ = {isa = PBXBuildFile; fileRef = 9E11329724350C6D00B6D24B /* NoahStifflerGPSTests.swift */; };
		9E1132A324350C6D00B6D24B /* NoahStifflerGPSUITests.swift in Sources */ = {isa = PBXBuildFile; fileRef = 9E1132A224350C6D00B6D24B /* NoahStifflerGPSUITests.swift */; };
		9E1132B1243515C600B6D24B /* GPSVC.swift in Sources */ = {isa = PBXBuildFile; fileRef = 9E1132B0243515C600B6D24B /* GPSVC.swift */; };
/* End PBXBuildFile section */

/* Begin PBXContainerItemProxy section */
		9E11329424350C6D00B6D24B /* PBXContainerItemProxy */ = {
			isa = PBXContainerItemProxy;
			containerPortal = 9E11327524350C6700B6D24B /* Project object */;
			proxyType = 1;
			remoteGlobalIDString = 9E11327C24350C6700B6D24B;
			remoteInfo = NoahStifflerGPS;
		};
		9E11329F24350C6D00B6D24B /* PBXContainerItemProxy */ = {
			isa = PBXContainerItemProxy;
			containerPortal = 9E11327524350C6700B6D24B /* Project object */;
			proxyType = 1;
			remoteGlobalIDString = 9E11327C24350C6700B6D24B;
			remoteInfo = NoahStifflerGPS;
		};
/* End PBXContainerItemProxy section */

/* Begin PBXFileReference section */
		9E11327D24350C6700B6D24B /* NoahStifflerGPS.app */ = {isa = PBXFileReference; explicitFileType = wrapper.application; includeInIndex = 0; path = NoahStifflerGPS.app; sourceTree = BUILT_PRODUCTS_DIR; };
		9E11328024350C6700B6D24B /* AppDelegate.swift */ = {isa = PBXFileReference; lastKnownFileType = sourcecode.swift; path = AppDelegate.swift; sourceTree = "<group>"; };
		9E11328224350C6700B6D24B /* SceneDelegate.swift */ = {isa = PBXFileReference; lastKnownFileType = sourcecode.swift; path = SceneDelegate.swift; sourceTree = "<group>"; };
		9E11328424350C6700B6D24B /* ViewController.swift */ = {isa = PBXFileReference; lastKnownFileType = sourcecode.swift; path = ViewController.swift; sourceTree = "<group>"; };
		9E11328724350C6700B6D24B /* Base */ = {isa = PBXFileReference; lastKnownFileType = file.storyboard; name = Base; path = Base.lproj/Main.storyboard; sourceTree = "<group>"; };
		9E11328924350C6D00B6D24B /* Assets.xcassets */ = {isa = PBXFileReference; lastKnownFileType = folder.assetcatalog; path = Assets.xcassets; sourceTree = "<group>"; };
		9E11328C24350C6D00B6D24B /* Base */ = {isa = PBXFileReference; lastKnownFileType = file.storyboard; name = Base; path = Base.lproj/LaunchScreen.storyboard; sourceTree = "<group>"; };
		9E11328E24350C6D00B6D24B /* Info.plist */ = {isa = PBXFileReference; lastKnownFileType = text.plist.xml; path = Info.plist; sourceTree = "<group>"; };
		9E11329324350C6D00B6D24B /* NoahStifflerGPSTests.xctest */ = {isa = PBXFileReference; explicitFileType = wrapper.cfbundle; includeInIndex = 0; path = NoahStifflerGPSTests.xctest; sourceTree = BUILT_PRODUCTS_DIR; };
		9E11329724350C6D00B6D24B /* NoahStifflerGPSTests.swift */ = {isa = PBXFileReference; lastKnownFileType = sourcecode.swift; path = NoahStifflerGPSTests.swift; sourceTree = "<group>"; };
		9E11329924350C6D00B6D24B /* Info.plist */ = {isa = PBXFileReference; lastKnownFileType = text.plist.xml; path = Info.plist; sourceTree = "<group>"; };
		9E11329E24350C6D00B6D24B /* NoahStifflerGPSUITests.xctest */ = {isa = PBXFileReference; explicitFileType = wrapper.cfbundle; includeInIndex = 0; path = NoahStifflerGPSUITests.xctest; sourceTree = BUILT_PRODUCTS_DIR; };
		9E1132A224350C6D00B6D24B /* NoahStifflerGPSUITests.swift */ = {isa = PBXFileReference; lastKnownFileType = sourcecode.swift; path = NoahStifflerGPSUITests.swift; sourceTree = "<group>"; };
		9E1132A424350C6D00B6D24B /* Info.plist */ = {isa = PBXFileReference; lastKnownFileType = text.plist.xml; path = Info.plist; sourceTree = "<group>"; };
		9E1132B0243515C600B6D24B /* GPSVC.swift */ = {isa = PBXFileReference; lastKnownFileType = sourcecode.swift; path = GPSVC.swift; sourceTree = "<group>"; };
/* End PBXFileReference section */

/* Begin PBXFrameworksBuildPhase section */
		9E11327A24350C6700B6D24B /* Frameworks */ = {
			isa = PBXFrameworksBuildPhase;
			buildActionMask = 2147483647;
			files = (
			);
			runOnlyForDeploymentPostprocessing = 0;
		};
		9E11329024350C6D00B6D24B /* Frameworks */ = {
			isa = PBXFrameworksBuildPhase;
			buildActionMask = 2147483647;
			files = (
			);
			runOnlyForDeploymentPostprocessing = 0;
		};
		9E11329B24350C6D00B6D24B /* Frameworks */ = {
			isa = PBXFrameworksBuildPhase;
			buildActionMask = 2147483647;
			files = (
			);
			runOnlyForDeploymentPostprocessing = 0;
		};
/* End PBXFrameworksBuildPhase section */

/* Begin PBXGroup section */
		9E11327424350C6700B6D24B = {
			isa = PBXGroup;
			children = (
				9E11327F24350C6700B6D24B /* NoahStifflerGPS */,
				9E11329624350C6D00B6D24B /* NoahStifflerGPSTests */,
				9E1132A124350C6D00B6D24B /* NoahStifflerGPSUITests */,
				9E11327E24350C6700B6D24B /* Products */,
			);
			sourceTree = "<group>";
		};
		9E11327E24350C6700B6D24B /* Products */ = {
			isa = PBXGroup;
			children = (
				9E11327D24350C6700B6D24B /* NoahStifflerGPS.app */,
				9E11329324350C6D00B6D24B /* NoahStifflerGPSTests.xctest */,
				9E11329E24350C6D00B6D24B /* NoahStifflerGPSUITests.xctest */,
			);
			name = Products;
			sourceTree = "<group>";
		};
		9E11327F24350C6700B6D24B /* NoahStifflerGPS */ = {
			isa = PBXGroup;
			children = (
				9E11328024350C6700B6D24B /* AppDelegate.swift */,
				9E11328224350C6700B6D24B /* SceneDelegate.swift */,
				9E11328424350C6700B6D24B /* ViewController.swift */,
				9E11328624350C6700B6D24B /* Main.storyboard */,
				9E1132B0243515C600B6D24B /* GPSVC.swift */,
				9E11328924350C6D00B6D24B /* Assets.xcassets */,
				9E11328B24350C6D00B6D24B /* LaunchScreen.storyboard */,
				9E11328E24350C6D00B6D24B /* Info.plist */,
			);
			path = NoahStifflerGPS;
			sourceTree = "<group>";
		};
		9E11329624350C6D00B6D24B /* NoahStifflerGPSTests */ = {
			isa = PBXGroup;
			children = (
				9E11329724350C6D00B6D24B /* NoahStifflerGPSTests.swift */,
				9E11329924350C6D00B6D24B /* Info.plist */,
			);
			path = NoahStifflerGPSTests;
			sourceTree = "<group>";
		};
		9E1132A124350C6D00B6D24B /* NoahStifflerGPSUITests */ = {
			isa = PBXGroup;
			children = (
				9E1132A224350C6D00B6D24B /* NoahStifflerGPSUITests.swift */,
				9E1132A424350C6D00B6D24B /* Info.plist */,
			);
			path = NoahStifflerGPSUITests;
			sourceTree = "<group>";
		};
/* End PBXGroup section */

/* Begin PBXNativeTarget section */
		9E11327C24350C6700B6D24B /* NoahStifflerGPS */ = {
			isa = PBXNativeTarget;
			buildConfigurationList = 9E1132A724350C6D00B6D24B /* Build configuration list for PBXNativeTarget "NoahStifflerGPS" */;
			buildPhases = (
				9E11327924350C6700B6D24B /* Sources */,
				9E11327A24350C6700B6D24B /* Frameworks */,
				9E11327B24350C6700B6D24B /* Resources */,
			);
			buildRules = (
			);
			dependencies = (
			);
			name = NoahStifflerGPS;
			productName = NoahStifflerGPS;
			productReference = 9E11327D24350C6700B6D24B /* NoahStifflerGPS.app */;
			productType = "com.apple.product-type.application";
		};
		9E11329224350C6D00B6D24B /* NoahStifflerGPSTests */ = {
			isa = PBXNativeTarget;
			buildConfigurationList = 9E1132AA24350C6D00B6D24B /* Build configuration list for PBXNativeTarget "NoahStifflerGPSTests" */;
			buildPhases = (
				9E11328F24350C6D00B6D24B /* Sources */,
				9E11329024350C6D00B6D24B /* Frameworks */,
				9E11329124350C6D00B6D24B /* Resources */,
			);
			buildRules = (
			);
			dependencies = (
				9E11329524350C6D00B6D24B /* PBXTargetDependency */,
			);
			name = NoahStifflerGPSTests;
			productName = NoahStifflerGPSTests;
			productReference = 9E11329324350C6D00B6D24B /* NoahStifflerGPSTests.xctest */;
			productType = "com.apple.product-type.bundle.unit-test";
		};
		9E11329D24350C6D00B6D24B /* NoahStifflerGPSUITests */ = {
			isa = PBXNativeTarget;
			buildConfigurationList = 9E1132AD24350C6D00B6D24B /* Build configuration list for PBXNativeTarget "NoahStifflerGPSUITests" */;
			buildPhases = (
				9E11329A24350C6D00B6D24B /* Sources */,
				9E11329B24350C6D00B6D24B /* Frameworks */,
				9E11329C24350C6D00B6D24B /* Resources */,
			);
			buildRules = (
			);
			dependencies = (
				9E1132A024350C6D00B6D24B /* PBXTargetDependency */,
			);
			name = NoahStifflerGPSUITests;
			productName = NoahStifflerGPSUITests;
			productReference = 9E11329E24350C6D00B6D24B /* NoahStifflerGPSUITests.xctest */;
			productType = "com.apple.product-type.bundle.ui-testing";
		};
/* End PBXNativeTarget section */

/* Begin PBXProject section */
		9E11327524350C6700B6D24B /* Project object */ = {
			isa = PBXProject;
			attributes = {
				LastSwiftUpdateCheck = 1140;
				LastUpgradeCheck = 1140;
				ORGANIZATIONNAME = "Noah Stiffler";
				TargetAttributes = {
					9E11327C24350C6700B6D24B = {
						CreatedOnToolsVersion = 11.4;
					};
					9E11329224350C6D00B6D24B = {
						CreatedOnToolsVersion = 11.4;
						TestTargetID = 9E11327C24350C6700B6D24B;
					};
					9E11329D24350C6D00B6D24B = {
						CreatedOnToolsVersion = 11.4;
						TestTargetID = 9E11327C24350C6700B6D24B;
					};
				};
			};
			buildConfigurationList = 9E11327824350C6700B6D24B /* Build configuration list for PBXProject "NoahStifflerGPS" */;
			compatibilityVersion = "Xcode 9.3";
			developmentRegion = en;
			hasScannedForEncodings = 0;
			knownRegions = (
				en,
				Base,
			);
			mainGroup = 9E11327424350C6700B6D24B;
			productRefGroup = 9E11327E24350C6700B6D24B /* Products */;
			projectDirPath = "";
			projectRoot = "";
			targets = (
				9E11327C24350C6700B6D24B /* NoahStifflerGPS */,
				9E11329224350C6D00B6D24B /* NoahStifflerGPSTests */,
				9E11329D24350C6D00B6D24B /* NoahStifflerGPSUITests */,
			);
		};
/* End PBXProject section */

/* Begin PBXResourcesBuildPhase section */
		9E11327B24350C6700B6D24B /* Resources */ = {
			isa = PBXResourcesBuildPhase;
			buildActionMask = 2147483647;
			files = (
				9E11328D24350C6D00B6D24B /* LaunchScreen.storyboard in Resources */,
				9E11328A24350C6D00B6D24B /* Assets.xcassets in Resources */,
				9E11328824350C6700B6D24B /* Main.storyboard in Resources */,
			);
			runOnlyForDeploymentPostprocessing = 0;
		};
		9E11329124350C6D00B6D24B /* Resources */ = {
			isa = PBXResourcesBuildPhase;
			buildActionMask = 2147483647;
			files = (
			);
			runOnlyForDeploymentPostprocessing = 0;
		};
		9E11329C24350C6D00B6D24B /* Resources */ = {
			isa = PBXResourcesBuildPhase;
			buildActionMask = 2147483647;
			files = (
			);
			runOnlyForDeploymentPostprocessing = 0;
		};
/* End PBXResourcesBuildPhase section */

/* Begin PBXSourcesBuildPhase section */
		9E11327924350C6700B6D24B /* Sources */ = {
			isa = PBXSourcesBuildPhase;
			buildActionMask = 2147483647;
			files = (
				9E11328524350C6700B6D24B /* ViewController.swift in Sources */,
				9E1132B1243515C600B6D24B /* GPSVC.swift in Sources */,
				9E11328124350C6700B6D24B /* AppDelegate.swift in Sources */,
				9E11328324350C6700B6D24B /* SceneDelegate.swift in Sources */,
			);
			runOnlyForDeploymentPostprocessing = 0;
		};
		9E11328F24350C6D00B6D24B /* Sources */ = {
			isa = PBXSourcesBuildPhase;
			buildActionMask = 2147483647;
			files = (
				9E11329824350C6D00B6D24B /* NoahStifflerGPSTests.swift in Sources */,
			);
			runOnlyForDeploymentPostprocessing = 0;
		};
		9E11329A24350C6D00B6D24B /* Sources */ = {
			isa = PBXSourcesBuildPhase;
			buildActionMask = 2147483647;
			files = (
				9E1132A324350C6D00B6D24B /* NoahStifflerGPSUITests.swift in Sources */,
			);
			runOnlyForDeploymentPostprocessing = 0;
		};
/* End PBXSourcesBuildPhase section */

/* Begin PBXTargetDependency section */
		9E11329524350C6D00B6D24B /* PBXTargetDependency */ = {
			isa = PBXTargetDependency;
			target = 9E11327C24350C6700B6D24B /* NoahStifflerGPS */;
			targetProxy = 9E11329424350C6D00B6D24B /* PBXContainerItemProxy */;
		};
		9E1132A024350C6D00B6D24B /* PBXTargetDependency */ = {
			isa = PBXTargetDependency;
			target = 9E11327C24350C6700B6D24B /* NoahStifflerGPS */;
			targetProxy = 9E11329F24350C6D00B6D24B /* PBXContainerItemProxy */;
		};
/* End PBXTargetDependency section */

/* Begin PBXVariantGroup section */
		9E11328624350C6700B6D24B /* Main.storyboard */ = {
			isa = PBXVariantGroup;
			children = (
				9E11328724350C6700B6D24B /* Base */,
			);
			name = Main.storyboard;
			sourceTree = "<group>";
		};
		9E11328B24350C6D00B6D24B /* LaunchScreen.storyboard */ = {
			isa = PBXVariantGroup;
			children = (
				9E11328C24350C6D00B6D24B /* Base */,
			);
			name = LaunchScreen.storyboard;
			sourceTree = "<group>";
		};
/* End PBXVariantGroup section */

/* Begin XCBuildConfiguration section */
		9E1132A524350C6D00B6D24B /* Debug */ = {
			isa = XCBuildConfiguration;
			buildSettings = {
				ALWAYS_SEARCH_USER_PATHS = NO;
				CLANG_ANALYZER_NONNULL = YES;
				CLANG_ANALYZER_NUMBER_OBJECT_CONVERSION = YES_AGGRESSIVE;
				CLANG_CXX_LANGUAGE_STANDARD = "gnu++14";
				CLANG_CXX_LIBRARY = "libc++";
				CLANG_ENABLE_MODULES = YES;
				CLANG_ENABLE_OBJC_ARC = YES;
				CLANG_ENABLE_OBJC_WEAK = YES;
				CLANG_WARN_BLOCK_CAPTURE_AUTORELEASING = YES;
				CLANG_WARN_BOOL_CONVERSION = YES;
				CLANG_WARN_COMMA = YES;
				CLANG_WARN_CONSTANT_CONVERSION = YES;
				CLANG_WARN_DEPRECATED_OBJC_IMPLEMENTATIONS = YES;
				CLANG_WARN_DIRECT_OBJC_ISA_USAGE = YES_ERROR;
				CLANG_WARN_DOCUMENTATION_COMMENTS = YES;
				CLANG_WARN_EMPTY_BODY = YES;
				CLANG_WARN_ENUM_CONVERSION = YES;
				CLANG_WARN_INFINITE_RECURSION = YES;
				CLANG_WARN_INT_CONVERSION = YES;
				CLANG_WARN_NON_LITERAL_NULL_CONVERSION = YES;
				CLANG_WARN_OBJC_IMPLICIT_RETAIN_SELF = YES;
				CLANG_WARN_OBJC_LITERAL_CONVERSION = YES;
				CLANG_WARN_OBJC_ROOT_CLASS = YES_ERROR;
				CLANG_WARN_RANGE_LOOP_ANALYSIS = YES;
				CLANG_WARN_STRICT_PROTOTYPES = YES;
				CLANG_WARN_SUSPICIOUS_MOVE = YES;
				CLANG_WARN_UNGUARDED_AVAILABILITY = YES_AGGRESSIVE;
				CLANG_WARN_UNREACHABLE_CODE = YES;
				CLANG_WARN__DUPLICATE_METHOD_MATCH = YES;
				COPY_PHASE_STRIP = NO;
				DEBUG_INFORMATION_FORMAT = dwarf;
				ENABLE_STRICT_OBJC_MSGSEND = YES;
				ENABLE_TESTABILITY = YES;
				GCC_C_LANGUAGE_STANDARD = gnu11;
				GCC_DYNAMIC_NO_PIC = NO;
				GCC_NO_COMMON_BLOCKS = YES;
				GCC_OPTIMIZATION_LEVEL = 0;
				GCC_PREPROCESSOR_DEFINITIONS = (
					"DEBUG=1",
					"$(inherited)",
				);
				GCC_WARN_64_TO_32_BIT_CONVERSION = YES;
				GCC_WARN_ABOUT_RETURN_TYPE = YES_ERROR;
				GCC_WARN_UNDECLARED_SELECTOR = YES;
				GCC_WARN_UNINITIALIZED_AUTOS = YES_AGGRESSIVE;
				GCC_WARN_UNUSED_FUNCTION = YES;
				GCC_WARN_UNUSED_VARIABLE = YES;
				IPHONEOS_DEPLOYMENT_TARGET = 13.4;
				MTL_ENABLE_DEBUG_INFO = INCLUDE_SOURCE;
				MTL_FAST_MATH = YES;
				ONLY_ACTIVE_ARCH = YES;
				SDKROOT = iphoneos;
				SWIFT_ACTIVE_COMPILATION_CONDITIONS = DEBUG;
				SWIFT_OPTIMIZATION_LEVEL = "-Onone";
			};
			name = Debug;
		};
		9E1132A624350C6D00B6D24B /* Release */ = {
			isa = XCBuildConfiguration;
			buildSettings = {
				ALWAYS_SEARCH_USER_PATHS = NO;
				CLANG_ANALYZER_NONNULL = YES;
				CLANG_ANALYZER_NUMBER_OBJECT_CONVERSION = YES_AGGRESSIVE;
				CLANG_CXX_LANGUAGE_STANDARD = "gnu++14";
				CLANG_CXX_LIBRARY = "libc++";
				CLANG_ENABLE_MODULES = YES;
				CLANG_ENABLE_OBJC_ARC = YES;
				CLANG_ENABLE_OBJC_WEAK = YES;
				CLANG_WARN_BLOCK_CAPTURE_AUTORELEASING = YES;
				CLANG_WARN_BOOL_CONVERSION = YES;
				CLANG_WARN_COMMA = YES;
				CLANG_WARN_CONSTANT_CONVERSION = YES;
				CLANG_WARN_DEPRECATED_OBJC_IMPLEMENTATIONS = YES;
				CLANG_WARN_DIRECT_OBJC_ISA_USAGE = YES_ERROR;
				CLANG_WARN_DOCUMENTATION_COMMENTS = YES;
				CLANG_WARN_EMPTY_BODY = YES;
				CLANG_WARN_ENUM_CONVERSION = YES;
				CLANG_WARN_INFINITE_RECURSION = YES;
				CLANG_WARN_INT_CONVERSION = YES;
				CLANG_WARN_NON_LITERAL_NULL_CONVERSION = YES;
				CLANG_WARN_OBJC_IMPLICIT_RETAIN_SELF = YES;
				CLANG_WARN_OBJC_LITERAL_CONVERSION = YES;
				CLANG_WARN_OBJC_ROOT_CLASS = YES_ERROR;
				CLANG_WARN_RANGE_LOOP_ANALYSIS = YES;
				CLANG_WARN_STRICT_PROTOTYPES = YES;
				CLANG_WARN_SUSPICIOUS_MOVE = YES;
				CLANG_WARN_UNGUARDED_AVAILABILITY = YES_AGGRESSIVE;
				CLANG_WARN_UNREACHABLE_CODE = YES;
				CLANG_WARN__DUPLICATE_METHOD_MATCH = YES;
				COPY_PHASE_STRIP = NO;
				DEBUG_INFORMATION_FORMAT = "dwarf-with-dsym";
				ENABLE_NS_ASSERTIONS = NO;
				ENABLE_STRICT_OBJC_MSGSEND = YES;
				GCC_C_LANGUAGE_STANDARD = gnu11;
				GCC_NO_COMMON_BLOCKS = YES;
				GCC_WARN_64_TO_32_BIT_CONVERSION = YES;
				GCC_WARN_ABOUT_RETURN_TYPE = YES_ERROR;
				GCC_WARN_UNDECLARED_SELECTOR = YES;
				GCC_WARN_UNINITIALIZED_AUTOS = YES_AGGRESSIVE;
				GCC_WARN_UNUSED_FUNCTION = YES;
				GCC_WARN_UNUSED_VARIABLE = YES;
				IPHONEOS_DEPLOYMENT_TARGET = 13.4;
				MTL_ENABLE_DEBUG_INFO = NO;
				MTL_FAST_MATH = YES;
				SDKROOT = iphoneos;
				SWIFT_COMPILATION_MODE = wholemodule;
				SWIFT_OPTIMIZATION_LEVEL = "-O";
				VALIDATE_PRODUCT = YES;
			};
			name = Release;
		};
		9E1132A824350C6D00B6D24B /* Debug */ = {
			isa = XCBuildConfiguration;
			buildSettings = {
				ASSETCATALOG_COMPILER_APPICON_NAME = AppIcon;
				CODE_SIGN_STYLE = Automatic;
				DEVELOPMENT_TEAM = PZ6CCG34TD;
				INFOPLIST_FILE = NoahStifflerGPS/Info.plist;
				LD_RUNPATH_SEARCH_PATHS = (
					"$(inherited)",
					"@executable_path/Frameworks",
				);
				PRODUCT_BUNDLE_IDENTIFIER = xcodewack.NoahStifflerGPS;
				PRODUCT_NAME = "$(TARGET_NAME)";
				SWIFT_VERSION = 5.0;
				TARGETED_DEVICE_FAMILY = "1,2";
			};
			name = Debug;
		};
		9E1132A924350C6D00B6D24B /* Release */ = {
			isa = XCBuildConfiguration;
			buildSettings = {
				ASSETCATALOG_COMPILER_APPICON_NAME = AppIcon;
				CODE_SIGN_STYLE = Automatic;
				DEVELOPMENT_TEAM = PZ6CCG34TD;
				INFOPLIST_FILE = NoahStifflerGPS/Info.plist;
				LD_RUNPATH_SEARCH_PATHS = (
					"$(inherited)",
					"@executable_path/Frameworks",
				);
				PRODUCT_BUNDLE_IDENTIFIER = xcodewack.NoahStifflerGPS;
				PRODUCT_NAME = "$(TARGET_NAME)";
				SWIFT_VERSION = 5.0;
				TARGETED_DEVICE_FAMILY = "1,2";
			};
			name = Release;
		};
		9E1132AB24350C6D00B6D24B /* Debug */ = {
			isa = XCBuildConfiguration;
			buildSettings = {
				ALWAYS_EMBED_SWIFT_STANDARD_LIBRARIES = YES;
				BUNDLE_LOADER = "$(TEST_HOST)";
				CODE_SIGN_STYLE = Automatic;
				DEVELOPMENT_TEAM = PZ6CCG34TD;
				INFOPLIST_FILE = NoahStifflerGPSTests/Info.plist;
				IPHONEOS_DEPLOYMENT_TARGET = 13.4;
				LD_RUNPATH_SEARCH_PATHS = (
					"$(inherited)",
					"@executable_path/Frameworks",
					"@loader_path/Frameworks",
				);
				PRODUCT_BUNDLE_IDENTIFIER = xcodewack.NoahStifflerGPSTests;
				PRODUCT_NAME = "$(TARGET_NAME)";
				SWIFT_VERSION = 5.0;
				TARGETED_DEVICE_FAMILY = "1,2";
				TEST_HOST = "$(BUILT_PRODUCTS_DIR)/NoahStifflerGPS.app/NoahStifflerGPS";
			};
			name = Debug;
		};
		9E1132AC24350C6D00B6D24B /* Release */ = {
			isa = XCBuildConfiguration;
			buildSettings = {
				ALWAYS_EMBED_SWIFT_STANDARD_LIBRARIES = YES;
				BUNDLE_LOADER = "$(TEST_HOST)";
				CODE_SIGN_STYLE = Automatic;
				DEVELOPMENT_TEAM = PZ6CCG34TD;
				INFOPLIST_FILE = NoahStifflerGPSTests/Info.plist;
				IPHONEOS_DEPLOYMENT_TARGET = 13.4;
				LD_RUNPATH_SEARCH_PATHS = (
					"$(inherited)",
					"@executable_path/Frameworks",
					"@loader_path/Frameworks",
				);
				PRODUCT_BUNDLE_IDENTIFIER = xcodewack.NoahStifflerGPSTests;
				PRODUCT_NAME = "$(TARGET_NAME)";
				SWIFT_VERSION = 5.0;
				TARGETED_DEVICE_FAMILY = "1,2";
				TEST_HOST = "$(BUILT_PRODUCTS_DIR)/NoahStifflerGPS.app/NoahStifflerGPS";
			};
			name = Release;
		};
		9E1132AE24350C6D00B6D24B /* Debug */ = {
			isa = XCBuildConfiguration;
			buildSettings = {
				ALWAYS_EMBED_SWIFT_STANDARD_LIBRARIES = YES;
				CODE_SIGN_STYLE = Automatic;
				DEVELOPMENT_TEAM = PZ6CCG34TD;
				INFOPLIST_FILE = NoahStifflerGPSUITests/Info.plist;
				LD_RUNPATH_SEARCH_PATHS = (
					"$(inherited)",
					"@executable_path/Frameworks",
					"@loader_path/Frameworks",
				);
				PRODUCT_BUNDLE_IDENTIFIER = xcodewack.NoahStifflerGPSUITests;
				PRODUCT_NAME = "$(TARGET_NAME)";
				SWIFT_VERSION = 5.0;
				TARGETED_DEVICE_FAMILY = "1,2";
				TEST_TARGET_NAME = NoahStifflerGPS;
			};
			name = Debug;
		};
		9E1132AF24350C6D00B6D24B /* Release */ = {
			isa = XCBuildConfiguration;
			buildSettings = {
				ALWAYS_EMBED_SWIFT_STANDARD_LIBRARIES = YES;
				CODE_SIGN_STYLE = Automatic;
				DEVELOPMENT_TEAM = PZ6CCG34TD;
				INFOPLIST_FILE = NoahStifflerGPSUITests/Info.plist;
				LD_RUNPATH_SEARCH_PATHS = (
					"$(inherited)",
					"@executable_path/Frameworks",
					"@loader_path/Frameworks",
				);
				PRODUCT_BUNDLE_IDENTIFIER = xcodewack.NoahStifflerGPSUITests;
				PRODUCT_NAME = "$(TARGET_NAME)";
				SWIFT_VERSION = 5.0;
				TARGETED_DEVICE_FAMILY = "1,2";
				TEST_TARGET_NAME = NoahStifflerGPS;
			};
			name = Release;
		};
/* End XCBuildConfiguration section */

/* Begin XCConfigurationList section */
		9E11327824350C6700B6D24B /* Build configuration list for PBXProject "NoahStifflerGPS" */ = {
			isa = XCConfigurationList;
			buildConfigurations = (
				9E1132A524350C6D00B6D24B /* Debug */,
				9E1132A624350C6D00B6D24B /* Release */,
			);
			defaultConfigurationIsVisible = 0;
			defaultConfigurationName = Release;
		};
		9E1132A724350C6D00B6D24B /* Build configuration list for PBXNativeTarget "NoahStifflerGPS" */ = {
			isa = XCConfigurationList;
			buildConfigurations = (
				9E1132A824350C6D00B6D24B /* Debug */,
				9E1132A924350C6D00B6D24B /* Release */,
			);
			defaultConfigurationIsVisible = 0;
			defaultConfigurationName = Release;
		};
		9E1132AA24350C6D00B6D24B /* Build configuration list for PBXNativeTarget "NoahStifflerGPSTests" */ = {
			isa = XCConfigurationList;
			buildConfigurations = (
				9E1132AB24350C6D00B6D24B /* Debug */,
				9E1132AC24350C6D00B6D24B /* Release */,
			);
			defaultConfigurationIsVisible = 0;
			defaultConfigurationName = Release;
		};
		9E1132AD24350C6D00B6D24B /* Build configuration list for PBXNativeTarget "NoahStifflerGPSUITests" */ = {
			isa = XCConfigurationList;
			buildConfigurations = (
				9E1132AE24350C6D00B6D24B /* Debug */,
				9E1132AF24350C6D00B6D24B /* Release */,
			);
			defaultConfigurationIsVisible = 0;
			defaultConfigurationName = Release;
		};
/* End XCConfigurationList section */
	};
	rootObject = 9E11327524350C6700B6D24B /* Project object */;
}
